// !$*UTF8*$!
{
	archiveVersion = 1;
	classes = {
	};
	objectVersion = 55;
	objects = {

/* Begin PBXBuildFile section */
		5EE5B8CC278F12D200536FDF /* DeepLinkDemoAppApp.swift in Sources */ = {isa = PBXBuildFile; fileRef = 5EE5B8CB278F12D200536FDF /* DeepLinkDemoAppApp.swift */; };
		5EE5B8CE278F12D200536FDF /* ContentView.swift in Sources */ = {isa = PBXBuildFile; fileRef = 5EE5B8CD278F12D200536FDF /* ContentView.swift */; };
		5EE5B8D0278F12D300536FDF /* Assets.xcassets in Resources */ = {isa = PBXBuildFile; fileRef = 5EE5B8CF278F12D300536FDF /* Assets.xcassets */; };
		5EE5B8D3278F12D300536FDF /* Preview Assets.xcassets in Resources */ = {isa = PBXBuildFile; fileRef = 5EE5B8D2278F12D300536FDF /* Preview Assets.xcassets */; };
		5EE5B8DD278F12D300536FDF /* DeepLinkDemoAppTests.swift in Sources */ = {isa = PBXBuildFile; fileRef = 5EE5B8DC278F12D300536FDF /* DeepLinkDemoAppTests.swift */; };
		5EE5B8E7278F12D300536FDF /* DeepLinkDemoAppUITests.swift in Sources */ = {isa = PBXBuildFile; fileRef = 5EE5B8E6278F12D300536FDF /* DeepLinkDemoAppUITests.swift */; };
		5EE5B8E9278F12D300536FDF /* DeepLinkDemoAppUITestsLaunchTests.swift in Sources */ = {isa = PBXBuildFile; fileRef = 5EE5B8E8278F12D300536FDF /* DeepLinkDemoAppUITestsLaunchTests.swift */; };
/* End PBXBuildFile section */

/* Begin PBXContainerItemProxy section */
		5EE5B8D9278F12D300536FDF /* PBXContainerItemProxy */ = {
			isa = PBXContainerItemProxy;
			containerPortal = 5EE5B8C0278F12D200536FDF /* Project object */;
			proxyType = 1;
			remoteGlobalIDString = 5EE5B8C7278F12D200536FDF;
			remoteInfo = DeepLinkDemoApp;
		};
		5EE5B8E3278F12D300536FDF /* PBXContainerItemProxy */ = {
			isa = PBXContainerItemProxy;
			containerPortal = 5EE5B8C0278F12D200536FDF /* Project object */;
			proxyType = 1;
			remoteGlobalIDString = 5EE5B8C7278F12D200536FDF;
			remoteInfo = DeepLinkDemoApp;
		};
/* End PBXContainerItemProxy section */

/* Begin PBXFileReference section */
		5EE5B8C8278F12D200536FDF /* DeepLinkDemoApp.app */ = {isa = PBXFileReference; explicitFileType = wrapper.application; includeInIndex = 0; path = DeepLinkDemoApp.app; sourceTree = BUILT_PRODUCTS_DIR; };
		5EE5B8CB278F12D200536FDF /* DeepLinkDemoAppApp.swift */ = {isa = PBXFileReference; lastKnownFileType = sourcecode.swift; path = DeepLinkDemoAppApp.swift; sourceTree = "<group>"; };
		5EE5B8CD278F12D200536FDF /* ContentView.swift */ = {isa = PBXFileReference; lastKnownFileType = sourcecode.swift; path = ContentView.swift; sourceTree = "<group>"; };
		5EE5B8CF278F12D300536FDF /* Assets.xcassets */ = {isa = PBXFileReference; lastKnownFileType = folder.assetcatalog; path = Assets.xcassets; sourceTree = "<group>"; };
		5EE5B8D2278F12D300536FDF /* Preview Assets.xcassets */ = {isa = PBXFileReference; lastKnownFileType = folder.assetcatalog; path = "Preview Assets.xcassets"; sourceTree = "<group>"; };
		5EE5B8D8278F12D300536FDF /* DeepLinkDemoAppTests.xctest */ = {isa = PBXFileReference; explicitFileType = wrapper.cfbundle; includeInIndex = 0; path = DeepLinkDemoAppTests.xctest; sourceTree = BUILT_PRODUCTS_DIR; };
		5EE5B8DC278F12D300536FDF /* DeepLinkDemoAppTests.swift */ = {isa = PBXFileReference; lastKnownFileType = sourcecode.swift; path = DeepLinkDemoAppTests.swift; sourceTree = "<group>"; };
		5EE5B8E2278F12D300536FDF /* DeepLinkDemoAppUITests.xctest */ = {isa = PBXFileReference; explicitFileType = wrapper.cfbundle; includeInIndex = 0; path = DeepLinkDemoAppUITests.xctest; sourceTree = BUILT_PRODUCTS_DIR; };
		5EE5B8E6278F12D300536FDF /* DeepLinkDemoAppUITests.swift */ = {isa = PBXFileReference; lastKnownFileType = sourcecode.swift; path = DeepLinkDemoAppUITests.swift; sourceTree = "<group>"; };
		5EE5B8E8278F12D300536FDF /* DeepLinkDemoAppUITestsLaunchTests.swift */ = {isa = PBXFileReference; lastKnownFileType = sourcecode.swift; path = DeepLinkDemoAppUITestsLaunchTests.swift; sourceTree = "<group>"; };
		5EE5B8F5278F18D700536FDF /* Info.plist */ = {isa = PBXFileReference; lastKnownFileType = text.plist; path = Info.plist; sourceTree = "<group>"; };
/* End PBXFileReference section */

/* Begin PBXFrameworksBuildPhase section */
		5EE5B8C5278F12D200536FDF /* Frameworks */ = {
			isa = PBXFrameworksBuildPhase;
			buildActionMask = 2147483647;
			files = (
			);
			runOnlyForDeploymentPostprocessing = 0;
		};
		5EE5B8D5278F12D300536FDF /* Frameworks */ = {
			isa = PBXFrameworksBuildPhase;
			buildActionMask = 2147483647;
			files = (
			);
			runOnlyForDeploymentPostprocessing = 0;
		};
		5EE5B8DF278F12D300536FDF /* Frameworks */ = {
			isa = PBXFrameworksBuildPhase;
			buildActionMask = 2147483647;
			files = (
			);
			runOnlyForDeploymentPostprocessing = 0;
		};
/* End PBXFrameworksBuildPhase section */

/* Begin PBXGroup section */
		5EE5B8BF278F12D200536FDF = {
			isa = PBXGroup;
			children = (
				5EE5B8CA278F12D200536FDF /* DeepLinkDemoApp */,
				5EE5B8DB278F12D300536FDF /* DeepLinkDemoAppTests */,
				5EE5B8E5278F12D300536FDF /* DeepLinkDemoAppUITests */,
				5EE5B8C9278F12D200536FDF /* Products */,
			);
			sourceTree = "<group>";
		};
		5EE5B8C9278F12D200536FDF /* Products */ = {
			isa = PBXGroup;
			children = (
				5EE5B8C8278F12D200536FDF /* DeepLinkDemoApp.app */,
				5EE5B8D8278F12D300536FDF /* DeepLinkDemoAppTests.xctest */,
				5EE5B8E2278F12D300536FDF /* DeepLinkDemoAppUITests.xctest */,
			);
			name = Products;
			sourceTree = "<group>";
		};
		5EE5B8CA278F12D200536FDF /* DeepLinkDemoApp */ = {
			isa = PBXGroup;
			children = (
				5EE5B8F5278F18D700536FDF /* Info.plist */,
				5EE5B8CB278F12D200536FDF /* DeepLinkDemoAppApp.swift */,
				5EE5B8CD278F12D200536FDF /* ContentView.swift */,
				5EE5B8CF278F12D300536FDF /* Assets.xcassets */,
				5EE5B8D1278F12D300536FDF /* Preview Content */,
			);
			path = DeepLinkDemoApp;
			sourceTree = "<group>";
		};
		5EE5B8D1278F12D300536FDF /* Preview Content */ = {
			isa = PBXGroup;
			children = (
				5EE5B8D2278F12D300536FDF /* Preview Assets.xcassets */,
			);
			path = "Preview Content";
			sourceTree = "<group>";
		};
		5EE5B8DB278F12D300536FDF /* DeepLinkDemoAppTests */ = {
			isa = PBXGroup;
			children = (
				5EE5B8DC278F12D300536FDF /* DeepLinkDemoAppTests.swift */,
			);
			path = DeepLinkDemoAppTests;
			sourceTree = "<group>";
		};
		5EE5B8E5278F12D300536FDF /* DeepLinkDemoAppUITests */ = {
			isa = PBXGroup;
			children = (
				5EE5B8E6278F12D300536FDF /* DeepLinkDemoAppUITests.swift */,
				5EE5B8E8278F12D300536FDF /* DeepLinkDemoAppUITestsLaunchTests.swift */,
			);
			path = DeepLinkDemoAppUITests;
			sourceTree = "<group>";
		};
/* End PBXGroup section */

/* Begin PBXNativeTarget section */
		5EE5B8C7278F12D200536FDF /* DeepLinkDemoApp */ = {
			isa = PBXNativeTarget;
			buildConfigurationList = 5EE5B8EC278F12D300536FDF /* Build configuration list for PBXNativeTarget "DeepLinkDemoApp" */;
			buildPhases = (
				5EE5B8C4278F12D200536FDF /* Sources */,
				5EE5B8C5278F12D200536FDF /* Frameworks */,
				5EE5B8C6278F12D200536FDF /* Resources */,
			);
			buildRules = (
			);
			dependencies = (
			);
			name = DeepLinkDemoApp;
			productName = DeepLinkDemoApp;
			productReference = 5EE5B8C8278F12D200536FDF /* DeepLinkDemoApp.app */;
			productType = "com.apple.product-type.application";
		};
		5EE5B8D7278F12D300536FDF /* DeepLinkDemoAppTests */ = {
			isa = PBXNativeTarget;
			buildConfigurationList = 5EE5B8EF278F12D300536FDF /* Build configuration list for PBXNativeTarget "DeepLinkDemoAppTests" */;
			buildPhases = (
				5EE5B8D4278F12D300536FDF /* Sources */,
				5EE5B8D5278F12D300536FDF /* Frameworks */,
				5EE5B8D6278F12D300536FDF /* Resources */,
			);
			buildRules = (
			);
			dependencies = (
				5EE5B8DA278F12D300536FDF /* PBXTargetDependency */,
			);
			name = DeepLinkDemoAppTests;
			productName = DeepLinkDemoAppTests;
			productReference = 5EE5B8D8278F12D300536FDF /* DeepLinkDemoAppTests.xctest */;
			productType = "com.apple.product-type.bundle.unit-test";
		};
		5EE5B8E1278F12D300536FDF /* DeepLinkDemoAppUITests */ = {
			isa = PBXNativeTarget;
			buildConfigurationList = 5EE5B8F2278F12D300536FDF /* Build configuration list for PBXNativeTarget "DeepLinkDemoAppUITests" */;
			buildPhases = (
				5EE5B8DE278F12D300536FDF /* Sources */,
				5EE5B8DF278F12D300536FDF /* Frameworks */,
				5EE5B8E0278F12D300536FDF /* Resources */,
			);
			buildRules = (
			);
			dependencies = (
				5EE5B8E4278F12D300536FDF /* PBXTargetDependency */,
			);
			name = DeepLinkDemoAppUITests;
			productName = DeepLinkDemoAppUITests;
			productReference = 5EE5B8E2278F12D300536FDF /* DeepLinkDemoAppUITests.xctest */;
			productType = "com.apple.product-type.bundle.ui-testing";
		};
/* End PBXNativeTarget section */

/* Begin PBXProject section */
		5EE5B8C0278F12D200536FDF /* Project object */ = {
			isa = PBXProject;
			attributes = {
				BuildIndependentTargetsInParallel = 1;
				LastSwiftUpdateCheck = 1320;
				LastUpgradeCheck = 1320;
				TargetAttributes = {
					5EE5B8C7278F12D200536FDF = {
						CreatedOnToolsVersion = 13.2.1;
					};
					5EE5B8D7278F12D300536FDF = {
						CreatedOnToolsVersion = 13.2.1;
						TestTargetID = 5EE5B8C7278F12D200536FDF;
					};
					5EE5B8E1278F12D300536FDF = {
						CreatedOnToolsVersion = 13.2.1;
						TestTargetID = 5EE5B8C7278F12D200536FDF;
					};
				};
			};
			buildConfigurationList = 5EE5B8C3278F12D200536FDF /* Build configuration list for PBXProject "DeepLinkDemoApp" */;
			compatibilityVersion = "Xcode 13.0";
			developmentRegion = en;
			hasScannedForEncodings = 0;
			knownRegions = (
				en,
				Base,
			);
			mainGroup = 5EE5B8BF278F12D200536FDF;
			productRefGroup = 5EE5B8C9278F12D200536FDF /* Products */;
			projectDirPath = "";
			projectRoot = "";
			targets = (
				5EE5B8C7278F12D200536FDF /* DeepLinkDemoApp */,
				5EE5B8D7278F12D300536FDF /* DeepLinkDemoAppTests */,
				5EE5B8E1278F12D300536FDF /* DeepLinkDemoAppUITests */,
			);
		};
/* End PBXProject section */

/* Begin PBXResourcesBuildPhase section */
		5EE5B8C6278F12D200536FDF /* Resources */ = {
			isa = PBXResourcesBuildPhase;
			buildActionMask = 2147483647;
			files = (
				5EE5B8D3278F12D300536FDF /* Preview Assets.xcassets in Resources */,
				5EE5B8D0278F12D300536FDF /* Assets.xcassets in Resources */,
			);
			runOnlyForDeploymentPostprocessing = 0;
		};
		5EE5B8D6278F12D300536FDF /* Resources */ = {
			isa = PBXResourcesBuildPhase;
			buildActionMask = 2147483647;
			files = (
			);
			runOnlyForDeploymentPostprocessing = 0;
		};
		5EE5B8E0278F12D300536FDF /* Resources */ = {
			isa = PBXResourcesBuildPhase;
			buildActionMask = 2147483647;
			files = (
			);
			runOnlyForDeploymentPostprocessing = 0;
		};
/* End PBXResourcesBuildPhase section */

/* Begin PBXSourcesBuildPhase section */
		5EE5B8C4278F12D200536FDF /* Sources */ = {
			isa = PBXSourcesBuildPhase;
			buildActionMask = 2147483647;
			files = (
				5EE5B8CE278F12D200536FDF /* ContentView.swift in Sources */,
				5EE5B8CC278F12D200536FDF /* DeepLinkDemoAppApp.swift in Sources */,
			);
			runOnlyForDeploymentPostprocessing = 0;
		};
		5EE5B8D4278F12D300536FDF /* Sources */ = {
			isa = PBXSourcesBuildPhase;
			buildActionMask = 2147483647;
			files = (
				5EE5B8DD278F12D300536FDF /* DeepLinkDemoAppTests.swift in Sources */,
			);
			runOnlyForDeploymentPostprocessing = 0;
		};
		5EE5B8DE278F12D300536FDF /* Sources */ = {
			isa = PBXSourcesBuildPhase;
			buildActionMask = 2147483647;
			files = (
				5EE5B8E7278F12D300536FDF /* DeepLinkDemoAppUITests.swift in Sources */,
				5EE5B8E9278F12D300536FDF /* DeepLinkDemoAppUITestsLaunchTests.swift in Sources */,
			);
			runOnlyForDeploymentPostprocessing = 0;
		};
/* End PBXSourcesBuildPhase section */

/* Begin PBXTargetDependency section */
		5EE5B8DA278F12D300536FDF /* PBXTargetDependency */ = {
			isa = PBXTargetDependency;
			target = 5EE5B8C7278F12D200536FDF /* DeepLinkDemoApp */;
			targetProxy = 5EE5B8D9278F12D300536FDF /* PBXContainerItemProxy */;
		};
		5EE5B8E4278F12D300536FDF /* PBXTargetDependency */ = {
			isa = PBXTargetDependency;
			target = 5EE5B8C7278F12D200536FDF /* DeepLinkDemoApp */;
			targetProxy = 5EE5B8E3278F12D300536FDF /* PBXContainerItemProxy */;
		};
/* End PBXTargetDependency section */

/* Begin XCBuildConfiguration section */
		5EE5B8EA278F12D300536FDF /* Debug */ = {
			isa = XCBuildConfiguration;
			buildSettings = {
				ALWAYS_SEARCH_USER_PATHS = NO;
				CLANG_ANALYZER_NONNULL = YES;
				CLANG_ANALYZER_NUMBER_OBJECT_CONVERSION = YES_AGGRESSIVE;
				CLANG_CXX_LANGUAGE_STANDARD = "gnu++17";
				CLANG_CXX_LIBRARY = "libc++";
				CLANG_ENABLE_MODULES = YES;
				CLANG_ENABLE_OBJC_ARC = YES;
				CLANG_ENABLE_OBJC_WEAK = YES;
				CLANG_WARN_BLOCK_CAPTURE_AUTORELEASING = YES;
				CLANG_WARN_BOOL_CONVERSION = YES;
				CLANG_WARN_COMMA = YES;
				CLANG_WARN_CONSTANT_CONVERSION = YES;
				CLANG_WARN_DEPRECATED_OBJC_IMPLEMENTATIONS = YES;
				CLANG_WARN_DIRECT_OBJC_ISA_USAGE = YES_ERROR;
				CLANG_WARN_DOCUMENTATION_COMMENTS = YES;
				CLANG_WARN_EMPTY_BODY = YES;
				CLANG_WARN_ENUM_CONVERSION = YES;
				CLANG_WARN_INFINITE_RECURSION = YES;
				CLANG_WARN_INT_CONVERSION = YES;
				CLANG_WARN_NON_LITERAL_NULL_CONVERSION = YES;
				CLANG_WARN_OBJC_IMPLICIT_RETAIN_SELF = YES;
				CLANG_WARN_OBJC_LITERAL_CONVERSION = YES;
				CLANG_WARN_OBJC_ROOT_CLASS = YES_ERROR;
				CLANG_WARN_QUOTED_INCLUDE_IN_FRAMEWORK_HEADER = YES;
				CLANG_WARN_RANGE_LOOP_ANALYSIS = YES;
				CLANG_WARN_STRICT_PROTOTYPES = YES;
				CLANG_WARN_SUSPICIOUS_MOVE = YES;
				CLANG_WARN_UNGUARDED_AVAILABILITY = YES_AGGRESSIVE;
				CLANG_WARN_UNREACHABLE_CODE = YES;
				CLANG_WARN__DUPLICATE_METHOD_MATCH = YES;
				COPY_PHASE_STRIP = NO;
				DEBUG_INFORMATION_FORMAT = dwarf;
				ENABLE_STRICT_OBJC_MSGSEND = YES;
				ENABLE_TESTABILITY = YES;
				GCC_C_LANGUAGE_STANDARD = gnu11;
				GCC_DYNAMIC_NO_PIC = NO;
				GCC_NO_COMMON_BLOCKS = YES;
				GCC_OPTIMIZATION_LEVEL = 0;
				GCC_PREPROCESSOR_DEFINITIONS = (
					"DEBUG=1",
					"$(inherited)",
				);
				GCC_WARN_64_TO_32_BIT_CONVERSION = YES;
				GCC_WARN_ABOUT_RETURN_TYPE = YES_ERROR;
				GCC_WARN_UNDECLARED_SELECTOR = YES;
				GCC_WARN_UNINITIALIZED_AUTOS = YES_AGGRESSIVE;
				GCC_WARN_UNUSED_FUNCTION = YES;
				GCC_WARN_UNUSED_VARIABLE = YES;
				IPHONEOS_DEPLOYMENT_TARGET = 14.0;
				MTL_ENABLE_DEBUG_INFO = INCLUDE_SOURCE;
				MTL_FAST_MATH = YES;
				ONLY_ACTIVE_ARCH = YES;
				SDKROOT = iphoneos;
				SWIFT_ACTIVE_COMPILATION_CONDITIONS = DEBUG;
				SWIFT_OPTIMIZATION_LEVEL = "-Onone";
			};
			name = Debug;
		};
		5EE5B8EB278F12D300536FDF /* Release */ = {
			isa = XCBuildConfiguration;
			buildSettings = {
				ALWAYS_SEARCH_USER_PATHS = NO;
				CLANG_ANALYZER_NONNULL = YES;
				CLANG_ANALYZER_NUMBER_OBJECT_CONVERSION = YES_AGGRESSIVE;
				CLANG_CXX_LANGUAGE_STANDARD = "gnu++17";
				CLANG_CXX_LIBRARY = "libc++";
				CLANG_ENABLE_MODULES = YES;
				CLANG_ENABLE_OBJC_ARC = YES;
				CLANG_ENABLE_OBJC_WEAK = YES;
				CLANG_WARN_BLOCK_CAPTURE_AUTORELEASING = YES;
				CLANG_WARN_BOOL_CONVERSION = YES;
				CLANG_WARN_COMMA = YES;
				CLANG_WARN_CONSTANT_CONVERSION = YES;
				CLANG_WARN_DEPRECATED_OBJC_IMPLEMENTATIONS = YES;
				CLANG_WARN_DIRECT_OBJC_ISA_USAGE = YES_ERROR;
				CLANG_WARN_DOCUMENTATION_COMMENTS = YES;
				CLANG_WARN_EMPTY_BODY = YES;
				CLANG_WARN_ENUM_CONVERSION = YES;
				CLANG_WARN_INFINITE_RECURSION = YES;
				CLANG_WARN_INT_CONVERSION = YES;
				CLANG_WARN_NON_LITERAL_NULL_CONVERSION = YES;
				CLANG_WARN_OBJC_IMPLICIT_RETAIN_SELF = YES;
				CLANG_WARN_OBJC_LITERAL_CONVERSION = YES;
				CLANG_WARN_OBJC_ROOT_CLASS = YES_ERROR;
				CLANG_WARN_QUOTED_INCLUDE_IN_FRAMEWORK_HEADER = YES;
				CLANG_WARN_RANGE_LOOP_ANALYSIS = YES;
				CLANG_WARN_STRICT_PROTOTYPES = YES;
				CLANG_WARN_SUSPICIOUS_MOVE = YES;
				CLANG_WARN_UNGUARDED_AVAILABILITY = YES_AGGRESSIVE;
				CLANG_WARN_UNREACHABLE_CODE = YES;
				CLANG_WARN__DUPLICATE_METHOD_MATCH = YES;
				COPY_PHASE_STRIP = NO;
				DEBUG_INFORMATION_FORMAT = "dwarf-with-dsym";
				ENABLE_NS_ASSERTIONS = NO;
				ENABLE_STRICT_OBJC_MSGSEND = YES;
				GCC_C_LANGUAGE_STANDARD = gnu11;
				GCC_NO_COMMON_BLOCKS = YES;
				GCC_WARN_64_TO_32_BIT_CONVERSION = YES;
				GCC_WARN_ABOUT_RETURN_TYPE = YES_ERROR;
				GCC_WARN_UNDECLARED_SELECTOR = YES;
				GCC_WARN_UNINITIALIZED_AUTOS = YES_AGGRESSIVE;
				GCC_WARN_UNUSED_FUNCTION = YES;
				GCC_WARN_UNUSED_VARIABLE = YES;
				IPHONEOS_DEPLOYMENT_TARGET = 14.0;
				MTL_ENABLE_DEBUG_INFO = NO;
				MTL_FAST_MATH = YES;
				SDKROOT = iphoneos;
				SWIFT_COMPILATION_MODE = wholemodule;
				SWIFT_OPTIMIZATION_LEVEL = "-O";
				VALIDATE_PRODUCT = YES;
			};
			name = Release;
		};
		5EE5B8ED278F12D300536FDF /* Debug */ = {
			isa = XCBuildConfiguration;
			buildSettings = {
				ASSETCATALOG_COMPILER_APPICON_NAME = AppIcon;
				ASSETCATALOG_COMPILER_GLOBAL_ACCENT_COLOR_NAME = AccentColor;
				CODE_SIGN_STYLE = Automatic;
				CURRENT_PROJECT_VERSION = 1;
				DEVELOPMENT_ASSET_PATHS = "\"DeepLinkDemoApp/Preview Content\"";
				DEVELOPMENT_TEAM = T2DT6C6U3X;
				ENABLE_PREVIEWS = YES;
				GENERATE_INFOPLIST_FILE = YES;
				INFOPLIST_FILE = DeepLinkDemoApp/Info.plist;
				INFOPLIST_KEY_UIApplicationSceneManifest_Generation = YES;
				INFOPLIST_KEY_UIApplicationSupportsIndirectInputEvents = YES;
				INFOPLIST_KEY_UILaunchScreen_Generation = YES;
				INFOPLIST_KEY_UISupportedInterfaceOrientations_iPad = "UIInterfaceOrientationPortrait UIInterfaceOrientationPortraitUpsideDown UIInterfaceOrientationLandscapeLeft UIInterfaceOrientationLandscapeRight";
				INFOPLIST_KEY_UISupportedInterfaceOrientations_iPhone = "UIInterfaceOrientationPortrait UIInterfaceOrientationLandscapeLeft UIInterfaceOrientationLandscapeRight";
				LD_RUNPATH_SEARCH_PATHS = (
					"$(inherited)",
					"@executable_path/Frameworks",
				);
				MARKETING_VERSION = 1.0;
				PRODUCT_BUNDLE_IDENTIFIER = app.catstudio.DeepLinkDemoApp;
				PRODUCT_NAME = "$(TARGET_NAME)";
				SWIFT_EMIT_LOC_STRINGS = YES;
				SWIFT_VERSION = 5.0;
				TARGETED_DEVICE_FAMILY = "1,2";
			};
			name = Debug;
		};
		5EE5B8EE278F12D300536FDF /* Release */ = {
			isa = XCBuildConfiguration;
			buildSettings = {
				ASSETCATALOG_COMPILER_APPICON_NAME = AppIcon;
				ASSETCATALOG_COMPILER_GLOBAL_ACCENT_COLOR_NAME = AccentColor;
				CODE_SIGN_STYLE = Automatic;
				CURRENT_PROJECT_VERSION = 1;
				DEVELOPMENT_ASSET_PATHS = "\"DeepLinkDemoApp/Preview Content\"";
				DEVELOPMENT_TEAM = DH5UQL44AR;
				ENABLE_PREVIEWS = YES;
				GENERATE_INFOPLIST_FILE = YES;
				INFOPLIST_FILE = DeepLinkDemoApp/Info.plist;
				INFOPLIST_KEY_UIApplicationSceneManifest_Generation = YES;
				INFOPLIST_KEY_UIApplicationSupportsIndirectInputEvents = YES;
				INFOPLIST_KEY_UILaunchScreen_Generation = YES;
				INFOPLIST_KEY_UISupportedInterfaceOrientations_iPad = "UIInterfaceOrientationPortrait UIInterfaceOrientationPortraitUpsideDown UIInterfaceOrientationLandscapeLeft UIInterfaceOrientationLandscapeRight";
				INFOPLIST_KEY_UISupportedInterfaceOrientations_iPhone = "UIInterfaceOrientationPortrait UIInterfaceOrientationLandscapeLeft UIInterfaceOrientationLandscapeRight";
				LD_RUNPATH_SEARCH_PATHS = (
					"$(inherited)",
					"@executable_path/Frameworks",
				);
				MARKETING_VERSION = 1.0;
				PRODUCT_BUNDLE_IDENTIFIER = app.catstudio.DeepLinkDemoApp;
				PRODUCT_NAME = "$(TARGET_NAME)";
				SWIFT_EMIT_LOC_STRINGS = YES;
				SWIFT_VERSION = 5.0;
				TARGETED_DEVICE_FAMILY = "1,2";
			};
			name = Release;
		};
		5EE5B8F0278F12D300536FDF /* Debug */ = {
			isa = XCBuildConfiguration;
			buildSettings = {
				ALWAYS_EMBED_SWIFT_STANDARD_LIBRARIES = YES;
				BUNDLE_LOADER = "$(TEST_HOST)";
				CODE_SIGN_STYLE = Automatic;
				CURRENT_PROJECT_VERSION = 1;
				GENERATE_INFOPLIST_FILE = YES;
				IPHONEOS_DEPLOYMENT_TARGET = 15.2;
				MARKETING_VERSION = 1.0;
				PRODUCT_BUNDLE_IDENTIFIER = app.catstudio.DeepLinkDemoAppTests;
				PRODUCT_NAME = "$(TARGET_NAME)";
				SWIFT_EMIT_LOC_STRINGS = NO;
				SWIFT_VERSION = 5.0;
				TARGETED_DEVICE_FAMILY = "1,2";
				TEST_HOST = "$(BUILT_PRODUCTS_DIR)/DeepLinkDemoApp.app/DeepLinkDemoApp";
			};
			name = Debug;
		};
		5EE5B8F1278F12D300536FDF /* Release */ = {
			isa = XCBuildConfiguration;
			buildSettings = {
				ALWAYS_EMBED_SWIFT_STANDARD_LIBRARIES = YES;
				BUNDLE_LOADER = "$(TEST_HOST)";
				CODE_SIGN_STYLE = Automatic;
				CURRENT_PROJECT_VERSION = 1;
				GENERATE_INFOPLIST_FILE = YES;
				IPHONEOS_DEPLOYMENT_TARGET = 15.2;
				MARKETING_VERSION = 1.0;
				PRODUCT_BUNDLE_IDENTIFIER = app.catstudio.DeepLinkDemoAppTests;
				PRODUCT_NAME = "$(TARGET_NAME)";
				SWIFT_EMIT_LOC_STRINGS = NO;
				SWIFT_VERSION = 5.0;
				TARGETED_DEVICE_FAMILY = "1,2";
				TEST_HOST = "$(BUILT_PRODUCTS_DIR)/DeepLinkDemoApp.app/DeepLinkDemoApp";
			};
			name = Release;
		};
		5EE5B8F3278F12D300536FDF /* Debug */ = {
			isa = XCBuildConfiguration;
			buildSettings = {
				ALWAYS_EMBED_SWIFT_STANDARD_LIBRARIES = YES;
				CODE_SIGN_STYLE = Automatic;
				CURRENT_PROJECT_VERSION = 1;
				GENERATE_INFOPLIST_FILE = YES;
				MARKETING_VERSION = 1.0;
				PRODUCT_BUNDLE_IDENTIFIER = app.catstudio.DeepLinkDemoAppUITests;
				PRODUCT_NAME = "$(TARGET_NAME)";
				SWIFT_EMIT_LOC_STRINGS = NO;
				SWIFT_VERSION = 5.0;
				TARGETED_DEVICE_FAMILY = "1,2";
				TEST_TARGET_NAME = DeepLinkDemoApp;
			};
			name = Debug;
		};
		5EE5B8F4278F12D300536FDF /* Release */ = {
			isa = XCBuildConfiguration;
			buildSettings = {
				ALWAYS_EMBED_SWIFT_STANDARD_LIBRARIES = YES;
				CODE_SIGN_STYLE = Automatic;
				CURRENT_PROJECT_VERSION = 1;
				GENERATE_INFOPLIST_FILE = YES;
				MARKETING_VERSION = 1.0;
				PRODUCT_BUNDLE_IDENTIFIER = app.catstudio.DeepLinkDemoAppUITests;
				PRODUCT_NAME = "$(TARGET_NAME)";
				SWIFT_EMIT_LOC_STRINGS = NO;
				SWIFT_VERSION = 5.0;
				TARGETED_DEVICE_FAMILY = "1,2";
				TEST_TARGET_NAME = DeepLinkDemoApp;
			};
			name = Release;
		};
/* End XCBuildConfiguration section */

/* Begin XCConfigurationList section */
		5EE5B8C3278F12D200536FDF /* Build configuration list for PBXProject "DeepLinkDemoApp" */ = {
			isa = XCConfigurationList;
			buildConfigurations = (
				5EE5B8EA278F12D300536FDF /* Debug */,
				5EE5B8EB278F12D300536FDF /* Release */,
			);
			defaultConfigurationIsVisible = 0;
			defaultConfigurationName = Release;
		};
		5EE5B8EC278F12D300536FDF /* Build configuration list for PBXNativeTarget "DeepLinkDemoApp" */ = {
			isa = XCConfigurationList;
			buildConfigurations = (
				5EE5B8ED278F12D300536FDF /* Debug */,
				5EE5B8EE278F12D300536FDF /* Release */,
			);
			defaultConfigurationIsVisible = 0;
			defaultConfigurationName = Release;
		};
		5EE5B8EF278F12D300536FDF /* Build configuration list for PBXNativeTarget "DeepLinkDemoAppTests" */ = {
			isa = XCConfigurationList;
			buildConfigurations = (
				5EE5B8F0278F12D300536FDF /* Debug */,
				5EE5B8F1278F12D300536FDF /* Release */,
			);
			defaultConfigurationIsVisible = 0;
			defaultConfigurationName = Release;
		};
		5EE5B8F2278F12D300536FDF /* Build configuration list for PBXNativeTarget "DeepLinkDemoAppUITests" */ = {
			isa = XCConfigurationList;
			buildConfigurations = (
				5EE5B8F3278F12D300536FDF /* Debug */,
				5EE5B8F4278F12D300536FDF /* Release */,
			);
			defaultConfigurationIsVisible = 0;
			defaultConfigurationName = Release;
		};
/* End XCConfigurationList section */
	};
	rootObject = 5EE5B8C0278F12D200536FDF /* Project object */;
}
